// !$*UTF8*$!
{
	archiveVersion = 1;
	classes = {
	};
	objectVersion = 48;
	objects = {

/* Begin PBXBuildFile section */
		2E3C9AB146ADC419FD223AD7 /* Pods_SNSBusinessCards.framework in Frameworks */ = {isa = PBXBuildFile; fileRef = A4BDD121C0B974BF1D669A06 /* Pods_SNSBusinessCards.framework */; };
		CD34FD67203ACC2100B8076B /* MainTabBarController.swift in Sources */ = {isa = PBXBuildFile; fileRef = CD34FD66203ACC2100B8076B /* MainTabBarController.swift */; };
		CD34FD69203AD24200B8076B /* SendViewModel.swift in Sources */ = {isa = PBXBuildFile; fileRef = CD34FD68203AD24200B8076B /* SendViewModel.swift */; };
		CD34FD6B203AD25400B8076B /* SendView.swift in Sources */ = {isa = PBXBuildFile; fileRef = CD34FD6A203AD25400B8076B /* SendView.swift */; };
		CD34FD6D203AD26100B8076B /* SettingViewController.swift in Sources */ = {isa = PBXBuildFile; fileRef = CD34FD6C203AD26100B8076B /* SettingViewController.swift */; };
		CD34FD6F203AD26D00B8076B /* SettingViewModel.swift in Sources */ = {isa = PBXBuildFile; fileRef = CD34FD6E203AD26D00B8076B /* SettingViewModel.swift */; };
		CD34FD71203AD27700B8076B /* SettingView.swift in Sources */ = {isa = PBXBuildFile; fileRef = CD34FD70203AD27700B8076B /* SettingView.swift */; };
		CD34FD73203AE94C00B8076B /* CreateFriendViewController.swift in Sources */ = {isa = PBXBuildFile; fileRef = CD34FD72203AE94C00B8076B /* CreateFriendViewController.swift */; };
		CD34FD75203AE95C00B8076B /* CreateFriendView.swift in Sources */ = {isa = PBXBuildFile; fileRef = CD34FD74203AE95C00B8076B /* CreateFriendView.swift */; };
		CD565D5E203568E3004CD120 /* FriendListView.swift in Sources */ = {isa = PBXBuildFile; fileRef = CD565D5D203568E3004CD120 /* FriendListView.swift */; };
		CD565D60203568EF004CD120 /* FriendListViewModel.swift in Sources */ = {isa = PBXBuildFile; fileRef = CD565D5F203568EF004CD120 /* FriendListViewModel.swift */; };
		CD6F00682034379B002DA6F4 /* AppDelegate.swift in Sources */ = {isa = PBXBuildFile; fileRef = CD6F00672034379B002DA6F4 /* AppDelegate.swift */; };
		CD6F006A2034379B002DA6F4 /* FriendListViewController.swift in Sources */ = {isa = PBXBuildFile; fileRef = CD6F00692034379B002DA6F4 /* FriendListViewController.swift */; };
		CD6F006C2034379B002DA6F4 /* SendViewController.swift in Sources */ = {isa = PBXBuildFile; fileRef = CD6F006B2034379B002DA6F4 /* SendViewController.swift */; };
		CD6F006F2034379B002DA6F4 /* Main.storyboard in Resources */ = {isa = PBXBuildFile; fileRef = CD6F006D2034379B002DA6F4 /* Main.storyboard */; };
		CD6F00712034379B002DA6F4 /* Assets.xcassets in Resources */ = {isa = PBXBuildFile; fileRef = CD6F00702034379B002DA6F4 /* Assets.xcassets */; };
		CD6F00742034379B002DA6F4 /* LaunchScreen.storyboard in Resources */ = {isa = PBXBuildFile; fileRef = CD6F00722034379B002DA6F4 /* LaunchScreen.storyboard */; };
		CD7C45D220343D5A0091CE61 /* FriendModel.xcdatamodeld in Sources */ = {isa = PBXBuildFile; fileRef = CD7C45D020343D5A0091CE61 /* FriendModel.xcdatamodeld */; };
/* End PBXBuildFile section */

/* Begin PBXFileReference section */
		2AF3EA2D2EAF229DB6C3DBCD /* Pods-SNSBusinessCards.debug.xcconfig */ = {isa = PBXFileReference; includeInIndex = 1; lastKnownFileType = text.xcconfig; name = "Pods-SNSBusinessCards.debug.xcconfig"; path = "Pods/Target Support Files/Pods-SNSBusinessCards/Pods-SNSBusinessCards.debug.xcconfig"; sourceTree = "<group>"; };
		453E6431AC3B6C446A1A6E93 /* Pods-SNSBusinessCards.release.xcconfig */ = {isa = PBXFileReference; includeInIndex = 1; lastKnownFileType = text.xcconfig; name = "Pods-SNSBusinessCards.release.xcconfig"; path = "Pods/Target Support Files/Pods-SNSBusinessCards/Pods-SNSBusinessCards.release.xcconfig"; sourceTree = "<group>"; };
		A4BDD121C0B974BF1D669A06 /* Pods_SNSBusinessCards.framework */ = {isa = PBXFileReference; explicitFileType = wrapper.framework; includeInIndex = 0; path = Pods_SNSBusinessCards.framework; sourceTree = BUILT_PRODUCTS_DIR; };
		CD34FD66203ACC2100B8076B /* MainTabBarController.swift */ = {isa = PBXFileReference; lastKnownFileType = sourcecode.swift; path = MainTabBarController.swift; sourceTree = "<group>"; };
		CD34FD68203AD24200B8076B /* SendViewModel.swift */ = {isa = PBXFileReference; lastKnownFileType = sourcecode.swift; path = SendViewModel.swift; sourceTree = "<group>"; };
		CD34FD6A203AD25400B8076B /* SendView.swift */ = {isa = PBXFileReference; lastKnownFileType = sourcecode.swift; path = SendView.swift; sourceTree = "<group>"; };
		CD34FD6C203AD26100B8076B /* SettingViewController.swift */ = {isa = PBXFileReference; lastKnownFileType = sourcecode.swift; path = SettingViewController.swift; sourceTree = "<group>"; };
		CD34FD6E203AD26D00B8076B /* SettingViewModel.swift */ = {isa = PBXFileReference; lastKnownFileType = sourcecode.swift; path = SettingViewModel.swift; sourceTree = "<group>"; };
		CD34FD70203AD27700B8076B /* SettingView.swift */ = {isa = PBXFileReference; lastKnownFileType = sourcecode.swift; path = SettingView.swift; sourceTree = "<group>"; };
		CD34FD72203AE94C00B8076B /* CreateFriendViewController.swift */ = {isa = PBXFileReference; lastKnownFileType = sourcecode.swift; path = CreateFriendViewController.swift; sourceTree = "<group>"; };
		CD34FD74203AE95C00B8076B /* CreateFriendView.swift */ = {isa = PBXFileReference; lastKnownFileType = sourcecode.swift; path = CreateFriendView.swift; sourceTree = "<group>"; };
		CD565D5D203568E3004CD120 /* FriendListView.swift */ = {isa = PBXFileReference; lastKnownFileType = sourcecode.swift; path = FriendListView.swift; sourceTree = "<group>"; };
		CD565D5F203568EF004CD120 /* FriendListViewModel.swift */ = {isa = PBXFileReference; lastKnownFileType = sourcecode.swift; path = FriendListViewModel.swift; sourceTree = "<group>"; };
		CD6F00642034379B002DA6F4 /* SNSBusinessCards.app */ = {isa = PBXFileReference; explicitFileType = wrapper.application; includeInIndex = 0; path = SNSBusinessCards.app; sourceTree = BUILT_PRODUCTS_DIR; };
		CD6F00672034379B002DA6F4 /* AppDelegate.swift */ = {isa = PBXFileReference; lastKnownFileType = sourcecode.swift; path = AppDelegate.swift; sourceTree = "<group>"; };
		CD6F00692034379B002DA6F4 /* FriendListViewController.swift */ = {isa = PBXFileReference; lastKnownFileType = sourcecode.swift; path = FriendListViewController.swift; sourceTree = "<group>"; };
		CD6F006B2034379B002DA6F4 /* SendViewController.swift */ = {isa = PBXFileReference; lastKnownFileType = sourcecode.swift; path = SendViewController.swift; sourceTree = "<group>"; };
		CD6F006E2034379B002DA6F4 /* Base */ = {isa = PBXFileReference; lastKnownFileType = file.storyboard; name = Base; path = Base.lproj/Main.storyboard; sourceTree = "<group>"; };
		CD6F00702034379B002DA6F4 /* Assets.xcassets */ = {isa = PBXFileReference; lastKnownFileType = folder.assetcatalog; path = Assets.xcassets; sourceTree = "<group>"; };
		CD6F00732034379B002DA6F4 /* Base */ = {isa = PBXFileReference; lastKnownFileType = file.storyboard; name = Base; path = Base.lproj/LaunchScreen.storyboard; sourceTree = "<group>"; };
		CD6F00752034379B002DA6F4 /* Info.plist */ = {isa = PBXFileReference; lastKnownFileType = text.plist.xml; path = Info.plist; sourceTree = "<group>"; };
		CD7C45D120343D5A0091CE61 /* FriendModel.xcdatamodel */ = {isa = PBXFileReference; lastKnownFileType = wrapper.xcdatamodel; path = FriendModel.xcdatamodel; sourceTree = "<group>"; };
/* End PBXFileReference section */

/* Begin PBXFrameworksBuildPhase section */
		CD6F00612034379B002DA6F4 /* Frameworks */ = {
			isa = PBXFrameworksBuildPhase;
			buildActionMask = 2147483647;
			files = (
				2E3C9AB146ADC419FD223AD7 /* Pods_SNSBusinessCards.framework in Frameworks */,
			);
			runOnlyForDeploymentPostprocessing = 0;
		};
/* End PBXFrameworksBuildPhase section */

/* Begin PBXGroup section */
		58C2695E46363F16C3CFB9ED /* Frameworks */ = {
			isa = PBXGroup;
			children = (
				A4BDD121C0B974BF1D669A06 /* Pods_SNSBusinessCards.framework */,
			);
			name = Frameworks;
			sourceTree = "<group>";
		};
		C697297675DCE3CCDD9378C9 /* Pods */ = {
			isa = PBXGroup;
			children = (
				2AF3EA2D2EAF229DB6C3DBCD /* Pods-SNSBusinessCards.debug.xcconfig */,
				453E6431AC3B6C446A1A6E93 /* Pods-SNSBusinessCards.release.xcconfig */,
			);
			name = Pods;
			sourceTree = "<group>";
		};
		CD6F005B2034379B002DA6F4 = {
			isa = PBXGroup;
			children = (
				CD6F00662034379B002DA6F4 /* SNSBusinessCards */,
				CD6F00652034379B002DA6F4 /* Products */,
				C697297675DCE3CCDD9378C9 /* Pods */,
				58C2695E46363F16C3CFB9ED /* Frameworks */,
			);
			sourceTree = "<group>";
		};
		CD6F00652034379B002DA6F4 /* Products */ = {
			isa = PBXGroup;
			children = (
				CD6F00642034379B002DA6F4 /* SNSBusinessCards.app */,
			);
			name = Products;
			sourceTree = "<group>";
		};
		CD6F00662034379B002DA6F4 /* SNSBusinessCards */ = {
			isa = PBXGroup;
			children = (
				CD6F00672034379B002DA6F4 /* AppDelegate.swift */,
				CD6F00692034379B002DA6F4 /* FriendListViewController.swift */,
				CD565D5F203568EF004CD120 /* FriendListViewModel.swift */,
				CD565D5D203568E3004CD120 /* FriendListView.swift */,
				CD34FD72203AE94C00B8076B /* CreateFriendViewController.swift */,
				CD34FD74203AE95C00B8076B /* CreateFriendView.swift */,
				CD6F006B2034379B002DA6F4 /* SendViewController.swift */,
				CD34FD68203AD24200B8076B /* SendViewModel.swift */,
				CD34FD6A203AD25400B8076B /* SendView.swift */,
				CD34FD6C203AD26100B8076B /* SettingViewController.swift */,
				CD34FD6E203AD26D00B8076B /* SettingViewModel.swift */,
				CD34FD70203AD27700B8076B /* SettingView.swift */,
				CD34FD66203ACC2100B8076B /* MainTabBarController.swift */,
				CD7C45D020343D5A0091CE61 /* FriendModel.xcdatamodeld */,
				CD6F006D2034379B002DA6F4 /* Main.storyboard */,
				CD6F00702034379B002DA6F4 /* Assets.xcassets */,
				CD6F00722034379B002DA6F4 /* LaunchScreen.storyboard */,
				CD6F00752034379B002DA6F4 /* Info.plist */,
			);
			path = SNSBusinessCards;
			sourceTree = "<group>";
		};
/* End PBXGroup section */

/* Begin PBXNativeTarget section */
		CD6F00632034379B002DA6F4 /* SNSBusinessCards */ = {
			isa = PBXNativeTarget;
			buildConfigurationList = CD6F00782034379B002DA6F4 /* Build configuration list for PBXNativeTarget "SNSBusinessCards" */;
			buildPhases = (
				96D4AC925361E5E49C7C86A9 /* [CP] Check Pods Manifest.lock */,
				CD6F00602034379B002DA6F4 /* Sources */,
				CD6F00612034379B002DA6F4 /* Frameworks */,
				CD6F00622034379B002DA6F4 /* Resources */,
				FC0D4A25195C1F591E194069 /* [CP] Embed Pods Frameworks */,
				287035AF2426D4521E7F94B1 /* [CP] Copy Pods Resources */,
			);
			buildRules = (
			);
			dependencies = (
			);
			name = SNSBusinessCards;
			productName = SNSBusinessCards;
			productReference = CD6F00642034379B002DA6F4 /* SNSBusinessCards.app */;
			productType = "com.apple.product-type.application";
		};
/* End PBXNativeTarget section */

/* Begin PBXProject section */
		CD6F005C2034379B002DA6F4 /* Project object */ = {
			isa = PBXProject;
			attributes = {
				LastSwiftUpdateCheck = 0920;
				LastUpgradeCheck = 0920;
				ORGANIZATIONNAME = "元木嵩人";
				TargetAttributes = {
					CD6F00632034379B002DA6F4 = {
						CreatedOnToolsVersion = 9.2;
						ProvisioningStyle = Automatic;
					};
				};
			};
			buildConfigurationList = CD6F005F2034379B002DA6F4 /* Build configuration list for PBXProject "SNSBusinessCards" */;
			compatibilityVersion = "Xcode 8.0";
			developmentRegion = en;
			hasScannedForEncodings = 0;
			knownRegions = (
				en,
				Base,
			);
			mainGroup = CD6F005B2034379B002DA6F4;
			productRefGroup = CD6F00652034379B002DA6F4 /* Products */;
			projectDirPath = "";
			projectRoot = "";
			targets = (
				CD6F00632034379B002DA6F4 /* SNSBusinessCards */,
			);
		};
/* End PBXProject section */

/* Begin PBXResourcesBuildPhase section */
		CD6F00622034379B002DA6F4 /* Resources */ = {
			isa = PBXResourcesBuildPhase;
			buildActionMask = 2147483647;
			files = (
				CD6F00742034379B002DA6F4 /* LaunchScreen.storyboard in Resources */,
				CD6F00712034379B002DA6F4 /* Assets.xcassets in Resources */,
				CD6F006F2034379B002DA6F4 /* Main.storyboard in Resources */,
			);
			runOnlyForDeploymentPostprocessing = 0;
		};
/* End PBXResourcesBuildPhase section */

/* Begin PBXShellScriptBuildPhase section */
		287035AF2426D4521E7F94B1 /* [CP] Copy Pods Resources */ = {
			isa = PBXShellScriptBuildPhase;
			buildActionMask = 2147483647;
			files = (
			);
			inputPaths = (
			);
			name = "[CP] Copy Pods Resources";
			outputPaths = (
			);
			runOnlyForDeploymentPostprocessing = 0;
			shellPath = /bin/sh;
			shellScript = "\"${SRCROOT}/Pods/Target Support Files/Pods-SNSBusinessCards/Pods-SNSBusinessCards-resources.sh\"\n";
			showEnvVarsInLog = 0;
		};
		96D4AC925361E5E49C7C86A9 /* [CP] Check Pods Manifest.lock */ = {
			isa = PBXShellScriptBuildPhase;
			buildActionMask = 2147483647;
			files = (
			);
			inputPaths = (
				"${PODS_PODFILE_DIR_PATH}/Podfile.lock",
				"${PODS_ROOT}/Manifest.lock",
			);
			name = "[CP] Check Pods Manifest.lock";
			outputPaths = (
				"$(DERIVED_FILE_DIR)/Pods-SNSBusinessCards-checkManifestLockResult.txt",
			);
			runOnlyForDeploymentPostprocessing = 0;
			shellPath = /bin/sh;
			shellScript = "diff \"${PODS_PODFILE_DIR_PATH}/Podfile.lock\" \"${PODS_ROOT}/Manifest.lock\" > /dev/null\nif [ $? != 0 ] ; then\n    # print error to STDERR\n    echo \"error: The sandbox is not in sync with the Podfile.lock. Run 'pod install' or update your CocoaPods installation.\" >&2\n    exit 1\nfi\n# This output is used by Xcode 'outputs' to avoid re-running this script phase.\necho \"SUCCESS\" > \"${SCRIPT_OUTPUT_FILE_0}\"\n";
			showEnvVarsInLog = 0;
		};
		FC0D4A25195C1F591E194069 /* [CP] Embed Pods Frameworks */ = {
			isa = PBXShellScriptBuildPhase;
			buildActionMask = 2147483647;
			files = (
			);
			inputPaths = (
				"${SRCROOT}/Pods/Target Support Files/Pods-SNSBusinessCards/Pods-SNSBusinessCards-frameworks.sh",
				"${BUILT_PRODUCTS_DIR}/FontAwesomeKit/FontAwesomeKit.framework",
				"${BUILT_PRODUCTS_DIR}/RAMAnimatedTabBarController/RAMAnimatedTabBarController.framework",
				"${BUILT_PRODUCTS_DIR}/TextFieldEffects/TextFieldEffects.framework",
			);
			name = "[CP] Embed Pods Frameworks";
			outputPaths = (
				"${TARGET_BUILD_DIR}/${FRAMEWORKS_FOLDER_PATH}/FontAwesomeKit.framework",
				"${TARGET_BUILD_DIR}/${FRAMEWORKS_FOLDER_PATH}/RAMAnimatedTabBarController.framework",
				"${TARGET_BUILD_DIR}/${FRAMEWORKS_FOLDER_PATH}/TextFieldEffects.framework",
			);
			runOnlyForDeploymentPostprocessing = 0;
			shellPath = /bin/sh;
			shellScript = "\"${SRCROOT}/Pods/Target Support Files/Pods-SNSBusinessCards/Pods-SNSBusinessCards-frameworks.sh\"\n";
			showEnvVarsInLog = 0;
		};
/* End PBXShellScriptBuildPhase section */

/* Begin PBXSourcesBuildPhase section */
		CD6F00602034379B002DA6F4 /* Sources */ = {
			isa = PBXSourcesBuildPhase;
			buildActionMask = 2147483647;
			files = (
				CD34FD73203AE94C00B8076B /* CreateFriendViewController.swift in Sources */,
				CD6F006C2034379B002DA6F4 /* SendViewController.swift in Sources */,
				CD565D60203568EF004CD120 /* FriendListViewModel.swift in Sources */,
				CD34FD6B203AD25400B8076B /* SendView.swift in Sources */,
				CD34FD75203AE95C00B8076B /* CreateFriendView.swift in Sources */,
				CD7C45D220343D5A0091CE61 /* FriendModel.xcdatamodeld in Sources */,
				CD34FD67203ACC2100B8076B /* MainTabBarController.swift in Sources */,
				CD34FD6D203AD26100B8076B /* SettingViewController.swift in Sources */,
				CD34FD69203AD24200B8076B /* SendViewModel.swift in Sources */,
				CD6F00682034379B002DA6F4 /* AppDelegate.swift in Sources */,
				CD34FD6F203AD26D00B8076B /* SettingViewModel.swift in Sources */,
				CD34FD71203AD27700B8076B /* SettingView.swift in Sources */,
				CD6F006A2034379B002DA6F4 /* FriendListViewController.swift in Sources */,
				CD565D5E203568E3004CD120 /* FriendListView.swift in Sources */,
			);
			runOnlyForDeploymentPostprocessing = 0;
		};
/* End PBXSourcesBuildPhase section */

/* Begin PBXVariantGroup section */
		CD6F006D2034379B002DA6F4 /* Main.storyboard */ = {
			isa = PBXVariantGroup;
			children = (
				CD6F006E2034379B002DA6F4 /* Base */,
			);
			name = Main.storyboard;
			sourceTree = "<group>";
		};
		CD6F00722034379B002DA6F4 /* LaunchScreen.storyboard */ = {
			isa = PBXVariantGroup;
			children = (
				CD6F00732034379B002DA6F4 /* Base */,
			);
			name = LaunchScreen.storyboard;
			sourceTree = "<group>";
		};
/* End PBXVariantGroup section */

/* Begin XCBuildConfiguration section */
		CD6F00762034379B002DA6F4 /* Debug */ = {
			isa = XCBuildConfiguration;
			buildSettings = {
				ALWAYS_SEARCH_USER_PATHS = NO;
				CLANG_ANALYZER_NONNULL = YES;
				CLANG_ANALYZER_NUMBER_OBJECT_CONVERSION = YES_AGGRESSIVE;
				CLANG_CXX_LANGUAGE_STANDARD = "gnu++14";
				CLANG_CXX_LIBRARY = "libc++";
				CLANG_ENABLE_MODULES = YES;
				CLANG_ENABLE_OBJC_ARC = YES;
				CLANG_WARN_BLOCK_CAPTURE_AUTORELEASING = YES;
				CLANG_WARN_BOOL_CONVERSION = YES;
				CLANG_WARN_COMMA = YES;
				CLANG_WARN_CONSTANT_CONVERSION = YES;
				CLANG_WARN_DIRECT_OBJC_ISA_USAGE = YES_ERROR;
				CLANG_WARN_DOCUMENTATION_COMMENTS = YES;
				CLANG_WARN_EMPTY_BODY = YES;
				CLANG_WARN_ENUM_CONVERSION = YES;
				CLANG_WARN_INFINITE_RECURSION = YES;
				CLANG_WARN_INT_CONVERSION = YES;
				CLANG_WARN_NON_LITERAL_NULL_CONVERSION = YES;
				CLANG_WARN_OBJC_LITERAL_CONVERSION = YES;
				CLANG_WARN_OBJC_ROOT_CLASS = YES_ERROR;
				CLANG_WARN_RANGE_LOOP_ANALYSIS = YES;
				CLANG_WARN_STRICT_PROTOTYPES = YES;
				CLANG_WARN_SUSPICIOUS_MOVE = YES;
				CLANG_WARN_UNGUARDED_AVAILABILITY = YES_AGGRESSIVE;
				CLANG_WARN_UNREACHABLE_CODE = YES;
				CLANG_WARN__DUPLICATE_METHOD_MATCH = YES;
				CODE_SIGN_IDENTITY = "iPhone Developer";
				COPY_PHASE_STRIP = NO;
				DEBUG_INFORMATION_FORMAT = dwarf;
				ENABLE_STRICT_OBJC_MSGSEND = YES;
				ENABLE_TESTABILITY = YES;
				GCC_C_LANGUAGE_STANDARD = gnu11;
				GCC_DYNAMIC_NO_PIC = NO;
				GCC_NO_COMMON_BLOCKS = YES;
				GCC_OPTIMIZATION_LEVEL = 0;
				GCC_PREPROCESSOR_DEFINITIONS = (
					"DEBUG=1",
					"$(inherited)",
				);
				GCC_WARN_64_TO_32_BIT_CONVERSION = YES;
				GCC_WARN_ABOUT_RETURN_TYPE = YES_ERROR;
				GCC_WARN_UNDECLARED_SELECTOR = YES;
				GCC_WARN_UNINITIALIZED_AUTOS = YES_AGGRESSIVE;
				GCC_WARN_UNUSED_FUNCTION = YES;
				GCC_WARN_UNUSED_VARIABLE = YES;
				IPHONEOS_DEPLOYMENT_TARGET = 11.2;
				MTL_ENABLE_DEBUG_INFO = YES;
				ONLY_ACTIVE_ARCH = YES;
				SDKROOT = iphoneos;
				SWIFT_ACTIVE_COMPILATION_CONDITIONS = DEBUG;
				SWIFT_OPTIMIZATION_LEVEL = "-Onone";
			};
			name = Debug;
		};
		CD6F00772034379B002DA6F4 /* Release */ = {
			isa = XCBuildConfiguration;
			buildSettings = {
				ALWAYS_SEARCH_USER_PATHS = NO;
				CLANG_ANALYZER_NONNULL = YES;
				CLANG_ANALYZER_NUMBER_OBJECT_CONVERSION = YES_AGGRESSIVE;
				CLANG_CXX_LANGUAGE_STANDARD = "gnu++14";
				CLANG_CXX_LIBRARY = "libc++";
				CLANG_ENABLE_MODULES = YES;
				CLANG_ENABLE_OBJC_ARC = YES;
				CLANG_WARN_BLOCK_CAPTURE_AUTORELEASING = YES;
				CLANG_WARN_BOOL_CONVERSION = YES;
				CLANG_WARN_COMMA = YES;
				CLANG_WARN_CONSTANT_CONVERSION = YES;
				CLANG_WARN_DIRECT_OBJC_ISA_USAGE = YES_ERROR;
				CLANG_WARN_DOCUMENTATION_COMMENTS = YES;
				CLANG_WARN_EMPTY_BODY = YES;
				CLANG_WARN_ENUM_CONVERSION = YES;
				CLANG_WARN_INFINITE_RECURSION = YES;
				CLANG_WARN_INT_CONVERSION = YES;
				CLANG_WARN_NON_LITERAL_NULL_CONVERSION = YES;
				CLANG_WARN_OBJC_LITERAL_CONVERSION = YES;
				CLANG_WARN_OBJC_ROOT_CLASS = YES_ERROR;
				CLANG_WARN_RANGE_LOOP_ANALYSIS = YES;
				CLANG_WARN_STRICT_PROTOTYPES = YES;
				CLANG_WARN_SUSPICIOUS_MOVE = YES;
				CLANG_WARN_UNGUARDED_AVAILABILITY = YES_AGGRESSIVE;
				CLANG_WARN_UNREACHABLE_CODE = YES;
				CLANG_WARN__DUPLICATE_METHOD_MATCH = YES;
				CODE_SIGN_IDENTITY = "iPhone Developer";
				COPY_PHASE_STRIP = NO;
				DEBUG_INFORMATION_FORMAT = "dwarf-with-dsym";
				ENABLE_NS_ASSERTIONS = NO;
				ENABLE_STRICT_OBJC_MSGSEND = YES;
				GCC_C_LANGUAGE_STANDARD = gnu11;
				GCC_NO_COMMON_BLOCKS = YES;
				GCC_WARN_64_TO_32_BIT_CONVERSION = YES;
				GCC_WARN_ABOUT_RETURN_TYPE = YES_ERROR;
				GCC_WARN_UNDECLARED_SELECTOR = YES;
				GCC_WARN_UNINITIALIZED_AUTOS = YES_AGGRESSIVE;
				GCC_WARN_UNUSED_FUNCTION = YES;
				GCC_WARN_UNUSED_VARIABLE = YES;
				IPHONEOS_DEPLOYMENT_TARGET = 11.2;
				MTL_ENABLE_DEBUG_INFO = NO;
				SDKROOT = iphoneos;
				SWIFT_OPTIMIZATION_LEVEL = "-Owholemodule";
				VALIDATE_PRODUCT = YES;
			};
			name = Release;
		};
		CD6F00792034379B002DA6F4 /* Debug */ = {
			isa = XCBuildConfiguration;
			baseConfigurationReference = 2AF3EA2D2EAF229DB6C3DBCD /* Pods-SNSBusinessCards.debug.xcconfig */;
			buildSettings = {
				ASSETCATALOG_COMPILER_APPICON_NAME = AppIcon;
				CODE_SIGN_STYLE = Automatic;
				DEVELOPMENT_TEAM = HL6N545Y8M;
				INFOPLIST_FILE = SNSBusinessCards/Info.plist;
				LD_RUNPATH_SEARCH_PATHS = "$(inherited) @executable_path/Frameworks";
				PRODUCT_BUNDLE_IDENTIFIER = com.takaMTK.SNSBusinessCards;
				PRODUCT_NAME = "$(TARGET_NAME)";
				SWIFT_VERSION = 4.0;
				TARGETED_DEVICE_FAMILY = "1,2";
			};
			name = Debug;
		};
		CD6F007A2034379B002DA6F4 /* Release */ = {
			isa = XCBuildConfiguration;
			baseConfigurationReference = 453E6431AC3B6C446A1A6E93 /* Pods-SNSBusinessCards.release.xcconfig */;
			buildSettings = {
				ASSETCATALOG_COMPILER_APPICON_NAME = AppIcon;
				CODE_SIGN_STYLE = Automatic;
				DEVELOPMENT_TEAM = HL6N545Y8M;
				INFOPLIST_FILE = SNSBusinessCards/Info.plist;
				LD_RUNPATH_SEARCH_PATHS = "$(inherited) @executable_path/Frameworks";
				PRODUCT_BUNDLE_IDENTIFIER = com.takaMTK.SNSBusinessCards;
				PRODUCT_NAME = "$(TARGET_NAME)";
				SWIFT_VERSION = 4.0;
				TARGETED_DEVICE_FAMILY = "1,2";
			};
			name = Release;
		};
/* End XCBuildConfiguration section */

/* Begin XCConfigurationList section */
		CD6F005F2034379B002DA6F4 /* Build configuration list for PBXProject "SNSBusinessCards" */ = {
			isa = XCConfigurationList;
			buildConfigurations = (
				CD6F00762034379B002DA6F4 /* Debug */,
				CD6F00772034379B002DA6F4 /* Release */,
			);
			defaultConfigurationIsVisible = 0;
			defaultConfigurationName = Release;
		};
		CD6F00782034379B002DA6F4 /* Build configuration list for PBXNativeTarget "SNSBusinessCards" */ = {
			isa = XCConfigurationList;
			buildConfigurations = (
				CD6F00792034379B002DA6F4 /* Debug */,
				CD6F007A2034379B002DA6F4 /* Release */,
			);
			defaultConfigurationIsVisible = 0;
			defaultConfigurationName = Release;
		};
/* End XCConfigurationList section */

/* Begin XCVersionGroup section */
		CD7C45D020343D5A0091CE61 /* FriendModel.xcdatamodeld */ = {
			isa = XCVersionGroup;
			children = (
				CD7C45D120343D5A0091CE61 /* FriendModel.xcdatamodel */,
			);
			currentVersion = CD7C45D120343D5A0091CE61 /* FriendModel.xcdatamodel */;
			path = FriendModel.xcdatamodeld;
			sourceTree = "<group>";
			versionGroupType = wrapper.xcdatamodel;
		};
/* End XCVersionGroup section */
	};
	rootObject = CD6F005C2034379B002DA6F4 /* Project object */;
}
